
Microsoft Visual Studio Solution File, Format Version 12.00
# Visual Studio Version 16
VisualStudioVersion = 16.0.30717.126
MinimumVisualStudioVersion = 10.0.40219.1
Project("{8BC9CEB8-8B4A-11D0-8D11-00A0C91BC942}") = "HexaPrimary", "HexaPrimary\HexaPrimary.vcxproj", "{4A477938-8556-460A-8222-C6C3F198B9DB}"
EndProject
Project("{8BC9CEB8-8B4A-11D0-8D11-00A0C91BC942}") = "ExampleMod", "ExampleMod\ExampleMod.vcxproj", "{A5A3B5A2-68AD-49B0-B5F9-ED86B57C637B}"
	ProjectSection(ProjectDependencies) = postProject
		{DED37CB0-287C-4F64-9544-176C69E40636} = {DED37CB0-287C-4F64-9544-176C69E40636}
	EndProjectSection
EndProject
Project("{8BC9CEB8-8B4A-11D0-8D11-00A0C91BC942}") = "Engine", "Engine\Engine.vcxproj", "{DED37CB0-287C-4F64-9544-176C69E40636}"
EndProject
Project("{8BC9CEB8-8B4A-11D0-8D11-00A0C91BC942}") = "UnitTest", "UnitTest\UnitTest.vcxproj", "{7F8D78DB-BF89-4FA5-9C47-661F97A30F12}"
EndProject
Project("{8BC9CEB8-8B4A-11D0-8D11-00A0C91BC942}") = "HexaGame", "HexaGame\HexaGame.vcxproj", "{4E4E4CBD-81E7-4C41-B179-49A473D0151D}"
EndProject
Global
	GlobalSection(SolutionConfigurationPlatforms) = preSolution
		Debug|x64 = Debug|x64
		Debug|x86 = Debug|x86
		Release|x64 = Release|x64
		Release|x86 = Release|x86
	EndGlobalSection
	GlobalSection(ProjectConfigurationPlatforms) = postSolution
		{4A477938-8556-460A-8222-C6C3F198B9DB}.Debug|x64.ActiveCfg = Debug|x64
		{4A477938-8556-460A-8222-C6C3F198B9DB}.Debug|x64.Build.0 = Debug|x64
		{4A477938-8556-460A-8222-C6C3F198B9DB}.Debug|x86.ActiveCfg = Debug|Win32
		{4A477938-8556-460A-8222-C6C3F198B9DB}.Debug|x86.Build.0 = Debug|Win32
		{4A477938-8556-460A-8222-C6C3F198B9DB}.Release|x64.ActiveCfg = Release|x64
		{4A477938-8556-460A-8222-C6C3F198B9DB}.Release|x64.Build.0 = Release|x64
		{4A477938-8556-460A-8222-C6C3F198B9DB}.Release|x86.ActiveCfg = Release|Win32
		{4A477938-8556-460A-8222-C6C3F198B9DB}.Release|x86.Build.0 = Release|Win32
		{A5A3B5A2-68AD-49B0-B5F9-ED86B57C637B}.Debug|x64.ActiveCfg = Debug|x64
		{A5A3B5A2-68AD-49B0-B5F9-ED86B57C637B}.Debug|x64.Build.0 = Debug|x64
		{A5A3B5A2-68AD-49B0-B5F9-ED86B57C637B}.Debug|x86.ActiveCfg = Debug|Win32
		{A5A3B5A2-68AD-49B0-B5F9-ED86B57C637B}.Debug|x86.Build.0 = Debug|Win32
		{A5A3B5A2-68AD-49B0-B5F9-ED86B57C637B}.Release|x64.ActiveCfg = Release|x64
		{A5A3B5A2-68AD-49B0-B5F9-ED86B57C637B}.Release|x64.Build.0 = Release|x64
		{A5A3B5A2-68AD-49B0-B5F9-ED86B57C637B}.Release|x86.ActiveCfg = Release|Win32
		{A5A3B5A2-68AD-49B0-B5F9-ED86B57C637B}.Release|x86.Build.0 = Release|Win32
		{DED37CB0-287C-4F64-9544-176C69E40636}.Debug|x64.ActiveCfg = Debug|x64
		{DED37CB0-287C-4F64-9544-176C69E40636}.Debug|x64.Build.0 = Debug|x64
		{DED37CB0-287C-4F64-9544-176C69E40636}.Debug|x86.ActiveCfg = Debug|Win32
		{DED37CB0-287C-4F64-9544-176C69E40636}.Debug|x86.Build.0 = Debug|Win32
		{DED37CB0-287C-4F64-9544-176C69E40636}.Release|x64.ActiveCfg = Release|x64
		{DED37CB0-287C-4F64-9544-176C69E40636}.Release|x64.Build.0 = Release|x64
		{DED37CB0-287C-4F64-9544-176C69E40636}.Release|x86.ActiveCfg = Release|Win32
		{DED37CB0-287C-4F64-9544-176C69E40636}.Release|x86.Build.0 = Release|Win32
		{7F8D78DB-BF89-4FA5-9C47-661F97A30F12}.Debug|x64.ActiveCfg = Debug|x64
		{7F8D78DB-BF89-4FA5-9C47-661F97A30F12}.Debug|x64.Build.0 = Debug|x64
		{7F8D78DB-BF89-4FA5-9C47-661F97A30F12}.Debug|x86.ActiveCfg = Debug|Win32
		{7F8D78DB-BF89-4FA5-9C47-661F97A30F12}.Debug|x86.Build.0 = Debug|Win32
		{7F8D78DB-BF89-4FA5-9C47-661F97A30F12}.Release|x64.ActiveCfg = Release|x64
		{7F8D78DB-BF89-4FA5-9C47-661F97A30F12}.Release|x64.Build.0 = Release|x64
		{7F8D78DB-BF89-4FA5-9C47-661F97A30F12}.Release|x86.ActiveCfg = Release|Win32
		{7F8D78DB-BF89-4FA5-9C47-661F97A30F12}.Release|x86.Build.0 = Release|Win32
		{4E4E4CBD-81E7-4C41-B179-49A473D0151D}.Debug|x64.ActiveCfg = Debug|x64
		{4E4E4CBD-81E7-4C41-B179-49A473D0151D}.Debug|x64.Build.0 = Debug|x64
		{4E4E4CBD-81E7-4C41-B179-49A473D0151D}.Debug|x86.ActiveCfg = Debug|Win32
		{4E4E4CBD-81E7-4C41-B179-49A473D0151D}.Debug|x86.Build.0 = Debug|Win32
		{4E4E4CBD-81E7-4C41-B179-49A473D0151D}.Release|x64.ActiveCfg = Release|x64
		{4E4E4CBD-81E7-4C41-B179-49A473D0151D}.Release|x64.Build.0 = Release|x64
		{4E4E4CBD-81E7-4C41-B179-49A473D0151D}.Release|x86.ActiveCfg = Release|Win32
		{4E4E4CBD-81E7-4C41-B179-49A473D0151D}.Release|x86.Build.0 = Release|Win32
	EndGlobalSection
	GlobalSection(SolutionProperties) = preSolution
		HideSolutionNode = FALSE
	EndGlobalSection
	GlobalSection(ExtensibilityGlobals) = postSolution
		SolutionGuid = {B0A711EF-C8C5-4011-9ECD-D95B741399DE}
	EndGlobalSection
EndGlobal
