<?xml version="1.0" encoding="utf-8"?>
<Project ToolsVersion="4.0" xmlns="http://schemas.microsoft.com/developer/msbuild/2003">
  <ItemGroup>
    <Filter Include="Source Files">
      <UniqueIdentifier>{4FC737F1-C7A5-4376-A066-2A32D752A2FF}</UniqueIdentifier>
      <Extensions>cpp;c;cc;cxx;c++;cppm;ixx;def;odl;idl;hpj;bat;asm;asmx</Extensions>
    </Filter>
    <Filter Include="Header Files">
      <UniqueIdentifier>{93995380-89BD-4b04-88EB-625FBE52EBFB}</UniqueIdentifier>
      <Extensions>h;hh;hpp;hxx;h++;hm;inl;inc;ipp;xsd</Extensions>
    </Filter>
    <Filter Include="Resource Files">
      <UniqueIdentifier>{67DA6AB6-F800-4c08-8B7A-83BB121AAD01}</UniqueIdentifier>
      <Extensions>rc;ico;cur;bmp;dlg;rc2;rct;bin;rgs;gif;jpg;jpeg;jpe;resx;tiff;tif;png;wav;mfcribbon-ms</Extensions>
    </Filter>
  </ItemGroup>
  <ItemGroup>
    <ClInclude Include="framework.h">
      <Filter>Header Files</Filter>
    </ClInclude>
    <ClInclude Include="pch.h">
      <Filter>Header Files</Filter>
    </ClInclude>
    <ClInclude Include="Version.h">
      <Filter>Header Files</Filter>
    </ClInclude>
    <ClInclude Include="Mod.h">
      <Filter>Header Files</Filter>
    </ClInclude>
    <ClInclude Include="BasicTypes.h">
      <Filter>Header Files</Filter>
    </ClInclude>
    <ClInclude Include="ModInfo.h">
      <Filter>Header Files</Filter>
    </ClInclude>
    <ClInclude Include="Path.h">
      <Filter>Header Files</Filter>
    </ClInclude>
    <ClInclude Include="File.h">
      <Filter>Header Files</Filter>
    </ClInclude>
    <ClInclude Include="String.h">
      <Filter>Header Files</Filter>
    </ClInclude>
    <ClInclude Include="Regex.h">
      <Filter>Header Files</Filter>
    </ClInclude>
    <ClInclude Include="Game.h">
      <Filter>Header Files</Filter>
    </ClInclude>
    <ClInclude Include="GameInfo.h">
      <Filter>Header Files</Filter>
    </ClInclude>
    <ClInclude Include="Delegate.h">
      <Filter>Header Files</Filter>
    </ClInclude>
    <ClInclude Include="List.h">
      <Filter>Header Files</Filter>
    </ClInclude>
    <ClInclude Include="LogStream.h">
      <Filter>Header Files</Filter>
    </ClInclude>
    <ClInclude Include="TeeBuf.h">
      <Filter>Header Files</Filter>
    </ClInclude>
    <ClInclude Include="DateTime.h">
      <Filter>Header Files</Filter>
    </ClInclude>
    <ClInclude Include="Set.h">
      <Filter>Header Files</Filter>
    </ClInclude>
    <ClInclude Include="Array.h">
      <Filter>Header Files</Filter>
    </ClInclude>
    <ClInclude Include="linmath.h">
      <Filter>Header Files</Filter>
    </ClInclude>
    <ClInclude Include="Shader.h">
      <Filter>Header Files</Filter>
    </ClInclude>
    <ClInclude Include="Utils.h">
      <Filter>Header Files</Filter>
    </ClInclude>
    <ClInclude Include="Camera.h">
      <Filter>Header Files</Filter>
    </ClInclude>
    <ClInclude Include="DebugPlayer.h">
      <Filter>Header Files</Filter>
    </ClInclude>
    <ClInclude Include="DemoMeshEntity.h">
      <Filter>Header Files</Filter>
    </ClInclude>
    <ClInclude Include="IControllable.h">
      <Filter>Header Files</Filter>
    </ClInclude>
    <ClInclude Include="IRenderable.h">
      <Filter>Header Files</Filter>
    </ClInclude>
    <ClInclude Include="ITickable.h">
      <Filter>Header Files</Filter>
    </ClInclude>
    <ClInclude Include="Math.h">
      <Filter>Header Files</Filter>
    </ClInclude>
    <ClInclude Include="Mesh.h">
      <Filter>Header Files</Filter>
    </ClInclude>
    <ClInclude Include="Renderable.h">
      <Filter>Header Files</Filter>
    </ClInclude>
    <ClInclude Include="Renderer.h">
      <Filter>Header Files</Filter>
    </ClInclude>
    <ClInclude Include="World.h">
      <Filter>Header Files</Filter>
    </ClInclude>
    <ClInclude Include="Entity.h">
      <Filter>Header Files</Filter>
    </ClInclude>
  </ItemGroup>
  <ItemGroup>
    <ClCompile Include="dllmain.cpp">
      <Filter>Source Files</Filter>
    </ClCompile>
    <ClCompile Include="pch.cpp">
      <Filter>Source Files</Filter>
    </ClCompile>
    <ClCompile Include="Version.cpp">
      <Filter>Source Files</Filter>
    </ClCompile>
    <ClCompile Include="Mod.cpp">
      <Filter>Source Files</Filter>
    </ClCompile>
    <ClCompile Include="ModInfo.cpp">
      <Filter>Source Files</Filter>
    </ClCompile>
    <ClCompile Include="Path.cpp">
      <Filter>Source Files</Filter>
    </ClCompile>
    <ClCompile Include="File.cpp">
      <Filter>Source Files</Filter>
    </ClCompile>
    <ClCompile Include="String.cpp">
      <Filter>Source Files</Filter>
    </ClCompile>
    <ClCompile Include="Regex.cpp">
      <Filter>Source Files</Filter>
    </ClCompile>
    <ClCompile Include="Game.cpp">
      <Filter>Source Files</Filter>
    </ClCompile>
    <ClCompile Include="GameInfo.cpp">
      <Filter>Source Files</Filter>
    </ClCompile>
    <ClCompile Include="List.cpp">
      <Filter>Source Files</Filter>
    </ClCompile>
    <ClCompile Include="LogStream.cpp">
      <Filter>Source Files</Filter>
    </ClCompile>
    <ClCompile Include="DateTime.cpp">
      <Filter>Source Files</Filter>
    </ClCompile>
    <ClCompile Include="TeeBuf.cpp">
      <Filter>Source Files</Filter>
    </ClCompile>
    <ClCompile Include="Set.cpp">
      <Filter>Source Files</Filter>
    </ClCompile>
    <ClCompile Include="Array.cpp">
      <Filter>Source Files</Filter>
    </ClCompile>
    <ClCompile Include="Utils.cpp">
      <Filter>Source Files</Filter>
    </ClCompile>
    <ClCompile Include="glad.c">
      <Filter>Source Files</Filter>
    </ClCompile>
    <ClCompile Include="Shader.cpp">
      <Filter>Source Files</Filter>
    </ClCompile>
    <ClCompile Include="Camera.cpp">
      <Filter>Source Files</Filter>
    </ClCompile>
    <ClCompile Include="DebugPlayer.cpp">
      <Filter>Source Files</Filter>
    </ClCompile>
    <ClCompile Include="DemoMeshEntity.cpp">
      <Filter>Source Files</Filter>
    </ClCompile>
    <ClCompile Include="IControllable.cpp">
      <Filter>Source Files</Filter>
    </ClCompile>
    <ClCompile Include="IRenderable.cpp">
      <Filter>Source Files</Filter>
    </ClCompile>
    <ClCompile Include="ITickable.cpp">
      <Filter>Source Files</Filter>
    </ClCompile>
    <ClCompile Include="Math.cpp">
      <Filter>Source Files</Filter>
    </ClCompile>
    <ClCompile Include="Mesh.cpp">
      <Filter>Source Files</Filter>
    </ClCompile>
    <ClCompile Include="Renderable.cpp">
      <Filter>Source Files</Filter>
    </ClCompile>
    <ClCompile Include="Renderer.cpp">
      <Filter>Source Files</Filter>
    </ClCompile>
    <ClCompile Include="World.cpp">
      <Filter>Source Files</Filter>
    </ClCompile>
    <ClCompile Include="Entity.cpp">
      <Filter>Source Files</Filter>
    </ClCompile>
  </ItemGroup>
  <ItemGroup>
    <Natvis Include="Engine.natvis" />
  </ItemGroup>
</Project>