<?xml version="1.0" encoding="utf-8"?>
<Project ToolsVersion="4.0" xmlns="http://schemas.microsoft.com/developer/msbuild/2003">
  <ItemGroup>
    <Filter Include="Source Files">
      <UniqueIdentifier>{4FC737F1-C7A5-4376-A066-2A32D752A2FF}</UniqueIdentifier>
      <Extensions>cpp;c;cc;cxx;c++;cppm;ixx;def;odl;idl;hpj;bat;asm;asmx</Extensions>
    </Filter>
    <Filter Include="Header Files">
      <UniqueIdentifier>{93995380-89BD-4b04-88EB-625FBE52EBFB}</UniqueIdentifier>
      <Extensions>h;hh;hpp;hxx;h++;hm;inl;inc;ipp;xsd</Extensions>
    </Filter>
    <Filter Include="Resource Files">
      <UniqueIdentifier>{67DA6AB6-F800-4c08-8B7A-83BB121AAD01}</UniqueIdentifier>
      <Extensions>rc;ico;cur;bmp;dlg;rc2;rct;bin;rgs;gif;jpg;jpeg;jpe;resx;tiff;tif;png;wav;mfcribbon-ms</Extensions>
    </Filter>
  </ItemGroup>
  <ItemGroup>
    <ClInclude Include="framework.h">
      <Filter>Header Files</Filter>
    </ClInclude>
    <ClInclude Include="pch.h">
      <Filter>Header Files</Filter>
    </ClInclude>
    <ClInclude Include="Version.h">
      <Filter>Header Files</Filter>
    </ClInclude>
    <ClInclude Include="Mod.h">
      <Filter>Header Files</Filter>
    </ClInclude>
    <ClInclude Include="BasicTypes.h">
      <Filter>Header Files</Filter>
    </ClInclude>
    <ClInclude Include="Path.h">
      <Filter>Header Files</Filter>
    </ClInclude>
    <ClInclude Include="File.h">
      <Filter>Header Files</Filter>
    </ClInclude>
    <ClInclude Include="String.h">
      <Filter>Header Files</Filter>
    </ClInclude>
    <ClInclude Include="Regex.h">
      <Filter>Header Files</Filter>
    </ClInclude>
    <ClInclude Include="Game.h">
      <Filter>Header Files</Filter>
    </ClInclude>
    <ClInclude Include="GameInfo.h">
      <Filter>Header Files</Filter>
    </ClInclude>
    <ClInclude Include="Delegate.h">
      <Filter>Header Files</Filter>
    </ClInclude>
    <ClInclude Include="List.h">
      <Filter>Header Files</Filter>
    </ClInclude>
    <ClInclude Include="LogStream.h">
      <Filter>Header Files</Filter>
    </ClInclude>
    <ClInclude Include="TeeBuf.h">
      <Filter>Header Files</Filter>
    </ClInclude>
    <ClInclude Include="DateTime.h">
      <Filter>Header Files</Filter>
    </ClInclude>
    <ClInclude Include="Set.h">
      <Filter>Header Files</Filter>
    </ClInclude>
    <ClInclude Include="Array.h">
      <Filter>Header Files</Filter>
    </ClInclude>
    <ClInclude Include="Shader.h">
      <Filter>Header Files</Filter>
    </ClInclude>
    <ClInclude Include="Utils.h">
      <Filter>Header Files</Filter>
    </ClInclude>
    <ClInclude Include="Camera.h">
      <Filter>Header Files</Filter>
    </ClInclude>
    <ClInclude Include="IControllable.h">
      <Filter>Header Files</Filter>
    </ClInclude>
    <ClInclude Include="IRenderable.h">
      <Filter>Header Files</Filter>
    </ClInclude>
    <ClInclude Include="ITickable.h">
      <Filter>Header Files</Filter>
    </ClInclude>
    <ClInclude Include="Math.h">
      <Filter>Header Files</Filter>
    </ClInclude>
    <ClInclude Include="Mesh.h">
      <Filter>Header Files</Filter>
    </ClInclude>
    <ClInclude Include="Renderer.h">
      <Filter>Header Files</Filter>
    </ClInclude>
    <ClInclude Include="World.h">
      <Filter>Header Files</Filter>
    </ClInclude>
    <ClInclude Include="Entity.h">
      <Filter>Header Files</Filter>
    </ClInclude>
    <ClInclude Include="Array2D.h">
      <Filter>Header Files</Filter>
    </ClInclude>
    <ClInclude Include="Color.h">
      <Filter>Header Files</Filter>
    </ClInclude>
    <ClInclude Include="Database.h">
      <Filter>Header Files</Filter>
    </ClInclude>
    <ClInclude Include="DatabaseBase.h">
      <Filter>Header Files</Filter>
    </ClInclude>
    <ClInclude Include="DatabaseEntry.h">
      <Filter>Header Files</Filter>
    </ClInclude>
    <ClInclude Include="EventBus.h">
      <Filter>Header Files</Filter>
    </ClInclude>
    <ClInclude Include="GeometryEditor.h">
      <Filter>Header Files</Filter>
    </ClInclude>
    <ClInclude Include="ImageEditor.h">
      <Filter>Header Files</Filter>
    </ClInclude>
    <ClInclude Include="IRenderer.h">
      <Filter>Header Files</Filter>
    </ClInclude>
    <ClInclude Include="ITexture.h">
      <Filter>Header Files</Filter>
    </ClInclude>
    <ClInclude Include="IUsageCountable.h">
      <Filter>Header Files</Filter>
    </ClInclude>
    <ClInclude Include="IUsageCountableBase.h">
      <Filter>Header Files</Filter>
    </ClInclude>
    <ClInclude Include="Margins.h">
      <Filter>Header Files</Filter>
    </ClInclude>
    <ClInclude Include="Matrix4x4.h">
      <Filter>Header Files</Filter>
    </ClInclude>
    <ClInclude Include="Object.h">
      <Filter>Header Files</Filter>
    </ClInclude>
    <ClInclude Include="PerlinNoise.h">
      <Filter>Header Files</Filter>
    </ClInclude>
    <ClInclude Include="Quaternion.h">
      <Filter>Header Files</Filter>
    </ClInclude>
    <ClInclude Include="Rect.h">
      <Filter>Header Files</Filter>
    </ClInclude>
    <ClInclude Include="RendererUtils.h">
      <Filter>Header Files</Filter>
    </ClInclude>
    <ClInclude Include="SaveGame.h">
      <Filter>Header Files</Filter>
    </ClInclude>
    <ClInclude Include="Settings.h">
      <Filter>Header Files</Filter>
    </ClInclude>
    <ClInclude Include="SlotBase.h">
      <Filter>Header Files</Filter>
    </ClInclude>
    <ClInclude Include="SpriteFont.h">
      <Filter>Header Files</Filter>
    </ClInclude>
    <ClInclude Include="Texture.h">
      <Filter>Header Files</Filter>
    </ClInclude>
    <ClInclude Include="TextureAtlas.h">
      <Filter>Header Files</Filter>
    </ClInclude>
    <ClInclude Include="ITextureBinding.h">
      <Filter>Header Files</Filter>
    </ClInclude>
    <ClInclude Include="TextureAtlasBinding.h">
      <Filter>Header Files</Filter>
    </ClInclude>
    <ClInclude Include="TextureBinding.h">
      <Filter>Header Files</Filter>
    </ClInclude>
    <ClInclude Include="Slot.h">
      <Filter>Header Files</Filter>
    </ClInclude>
    <ClInclude Include="UIRenderer.h">
      <Filter>Header Files</Filter>
    </ClInclude>
    <ClInclude Include="ui\ButtonImage.h">
      <Filter>Header Files</Filter>
    </ClInclude>
    <ClInclude Include="ui\ButtonTextPanel.h">
      <Filter>Header Files</Filter>
    </ClInclude>
    <ClInclude Include="ui\Button.h">
      <Filter>Header Files</Filter>
    </ClInclude>
    <ClInclude Include="ui\DatabaseViewer.h">
      <Filter>Header Files</Filter>
    </ClInclude>
    <ClInclude Include="ui\HorizontalList.h">
      <Filter>Header Files</Filter>
    </ClInclude>
    <ClInclude Include="ui\Image.h">
      <Filter>Header Files</Filter>
    </ClInclude>
    <ClInclude Include="ui\Panel.h">
      <Filter>Header Files</Filter>
    </ClInclude>
    <ClInclude Include="ui\TextBlock.h">
      <Filter>Header Files</Filter>
    </ClInclude>
    <ClInclude Include="ui\UIElement.h">
      <Filter>Header Files</Filter>
    </ClInclude>
    <ClInclude Include="ui\UIList.h">
      <Filter>Header Files</Filter>
    </ClInclude>
    <ClInclude Include="ui\VerticalList.h">
      <Filter>Header Files</Filter>
    </ClInclude>
    <ClInclude Include="UsageCounter.h">
      <Filter>Header Files</Filter>
    </ClInclude>
    <ClInclude Include="UsageCounterBase.h">
      <Filter>Header Files</Filter>
    </ClInclude>
    <ClInclude Include="Vector2.h">
      <Filter>Header Files</Filter>
    </ClInclude>
    <ClInclude Include="Vector3.h">
      <Filter>Header Files</Filter>
    </ClInclude>
    <ClInclude Include="Database.cpp">
      <Filter>Source Files</Filter>
    </ClInclude>
    <ClInclude Include="DeferredRegister.cpp">
      <Filter>Source Files</Filter>
    </ClInclude>
    <ClInclude Include="JSON.h">
      <Filter>Header Files</Filter>
    </ClInclude>
    <ClInclude Include="Tree2D.h">
      <Filter>Header Files</Filter>
    </ClInclude>
    <ClInclude Include="Tree1D.h">
      <Filter>Header Files</Filter>
    </ClInclude>
  </ItemGroup>
  <ItemGroup>
    <ClCompile Include="dllmain.cpp">
      <Filter>Source Files</Filter>
    </ClCompile>
    <ClCompile Include="pch.cpp">
      <Filter>Source Files</Filter>
    </ClCompile>
    <ClCompile Include="Version.cpp">
      <Filter>Source Files</Filter>
    </ClCompile>
    <ClCompile Include="Mod.cpp">
      <Filter>Source Files</Filter>
    </ClCompile>
    <ClCompile Include="Path.cpp">
      <Filter>Source Files</Filter>
    </ClCompile>
    <ClCompile Include="File.cpp">
      <Filter>Source Files</Filter>
    </ClCompile>
    <ClCompile Include="String.cpp">
      <Filter>Source Files</Filter>
    </ClCompile>
    <ClCompile Include="Regex.cpp">
      <Filter>Source Files</Filter>
    </ClCompile>
    <ClCompile Include="Game.cpp">
      <Filter>Source Files</Filter>
    </ClCompile>
    <ClCompile Include="LogStream.cpp">
      <Filter>Source Files</Filter>
    </ClCompile>
    <ClCompile Include="DateTime.cpp">
      <Filter>Source Files</Filter>
    </ClCompile>
    <ClCompile Include="TeeBuf.cpp">
      <Filter>Source Files</Filter>
    </ClCompile>
    <ClCompile Include="Utils.cpp">
      <Filter>Source Files</Filter>
    </ClCompile>
    <ClCompile Include="glad.c">
      <Filter>Source Files</Filter>
    </ClCompile>
    <ClCompile Include="Shader.cpp">
      <Filter>Source Files</Filter>
    </ClCompile>
    <ClCompile Include="Camera.cpp">
      <Filter>Source Files</Filter>
    </ClCompile>
    <ClCompile Include="Mesh.cpp">
      <Filter>Source Files</Filter>
    </ClCompile>
    <ClCompile Include="Renderer.cpp">
      <Filter>Source Files</Filter>
    </ClCompile>
    <ClCompile Include="World.cpp">
      <Filter>Source Files</Filter>
    </ClCompile>
    <ClCompile Include="Entity.cpp">
      <Filter>Source Files</Filter>
    </ClCompile>
    <ClCompile Include="Color.cpp">
      <Filter>Source Files</Filter>
    </ClCompile>
    <ClCompile Include="DatabaseBase.cpp">
      <Filter>Source Files</Filter>
    </ClCompile>
    <ClCompile Include="EventBus.cpp">
      <Filter>Source Files</Filter>
    </ClCompile>
    <ClCompile Include="GeometryEditor.cpp">
      <Filter>Source Files</Filter>
    </ClCompile>
    <ClCompile Include="ImageEditor.cpp">
      <Filter>Source Files</Filter>
    </ClCompile>
    <ClCompile Include="Margins.cpp">
      <Filter>Source Files</Filter>
    </ClCompile>
    <ClCompile Include="Matrix4x4.cpp">
      <Filter>Source Files</Filter>
    </ClCompile>
    <ClCompile Include="Object.cpp">
      <Filter>Source Files</Filter>
    </ClCompile>
    <ClCompile Include="Quaternion.cpp">
      <Filter>Source Files</Filter>
    </ClCompile>
    <ClCompile Include="Rect.cpp">
      <Filter>Source Files</Filter>
    </ClCompile>
    <ClCompile Include="SaveGame.cpp">
      <Filter>Source Files</Filter>
    </ClCompile>
    <ClCompile Include="SlotBase.cpp">
      <Filter>Source Files</Filter>
    </ClCompile>
    <ClCompile Include="SpriteFont.cpp">
      <Filter>Source Files</Filter>
    </ClCompile>
    <ClCompile Include="Texture.cpp">
      <Filter>Source Files</Filter>
    </ClCompile>
    <ClCompile Include="TextureAtlas.cpp">
      <Filter>Source Files</Filter>
    </ClCompile>
    <ClCompile Include="TextureAtlasBinding.cpp">
      <Filter>Source Files</Filter>
    </ClCompile>
    <ClCompile Include="TextureBinding.cpp">
      <Filter>Source Files</Filter>
    </ClCompile>
    <ClCompile Include="UIRenderer.cpp">
      <Filter>Source Files</Filter>
    </ClCompile>
    <ClCompile Include="ui\Button.cpp">
      <Filter>Source Files</Filter>
    </ClCompile>
    <ClCompile Include="ui\ButtonImage.cpp">
      <Filter>Source Files</Filter>
    </ClCompile>
    <ClCompile Include="ui\ButtonTextPanel.cpp">
      <Filter>Source Files</Filter>
    </ClCompile>
    <ClCompile Include="ui\DatabaseViewer.cpp">
      <Filter>Source Files</Filter>
    </ClCompile>
    <ClCompile Include="ui\HorizontalList.cpp">
      <Filter>Source Files</Filter>
    </ClCompile>
    <ClCompile Include="ui\Image.cpp">
      <Filter>Source Files</Filter>
    </ClCompile>
    <ClCompile Include="ui\Panel.cpp">
      <Filter>Source Files</Filter>
    </ClCompile>
    <ClCompile Include="ui\TextBlock.cpp">
      <Filter>Source Files</Filter>
    </ClCompile>
    <ClCompile Include="ui\UIElement.cpp">
      <Filter>Source Files</Filter>
    </ClCompile>
    <ClCompile Include="ui\UIList.cpp">
      <Filter>Source Files</Filter>
    </ClCompile>
    <ClCompile Include="ui\VerticalList.cpp">
      <Filter>Source Files</Filter>
    </ClCompile>
    <ClCompile Include="Vector2.cpp">
      <Filter>Source Files</Filter>
    </ClCompile>
    <ClCompile Include="Vector3.cpp">
      <Filter>Source Files</Filter>
    </ClCompile>
    <ClCompile Include="JSON.cpp">
      <Filter>Source Files</Filter>
    </ClCompile>
    <ClCompile Include="reactphysics3d\collision\narrowphase\SphereVsSphereNarrowPhaseInfoBatch.cpp">
      <Filter>Source Files</Filter>
    </ClCompile>
    <ClCompile Include="reactphysics3d\engine\Timer.cpp">
      <Filter>Source Files</Filter>
    </ClCompile>
    <ClCompile Include="reactphysics3d\mathematics\Transform.cpp">
      <Filter>Source Files</Filter>
    </ClCompile>
    <ClCompile Include="reactphysics3d\components\TransformComponents.cpp">
      <Filter>Source Files</Filter>
    </ClCompile>
    <ClCompile Include="reactphysics3d\collision\TriangleMesh.cpp">
      <Filter>Source Files</Filter>
    </ClCompile>
    <ClCompile Include="reactphysics3d\collision\shapes\TriangleShape.cpp">
      <Filter>Source Files</Filter>
    </ClCompile>
    <ClCompile Include="reactphysics3d\collision\TriangleVertexArray.cpp">
      <Filter>Source Files</Filter>
    </ClCompile>
    <ClCompile Include="reactphysics3d\mathematics\Vector2.cpp">
      <Filter>Source Files</Filter>
    </ClCompile>
    <ClCompile Include="reactphysics3d\mathematics\Vector3.cpp">
      <Filter>Source Files</Filter>
    </ClCompile>
    <ClCompile Include="reactphysics3d\collision\narrowphase\GJK\VoronoiSimplex.cpp">
      <Filter>Source Files</Filter>
    </ClCompile>
    <ClCompile Include="reactphysics3d\collision\shapes\AABB.cpp">
      <Filter>Source Files</Filter>
    </ClCompile>
    <ClCompile Include="reactphysics3d\constraint\BallAndSocketJoint.cpp">
      <Filter>Source Files</Filter>
    </ClCompile>
    <ClCompile Include="reactphysics3d\components\BallAndSocketJointComponents.cpp">
      <Filter>Source Files</Filter>
    </ClCompile>
    <ClCompile Include="reactphysics3d\collision\shapes\BoxShape.cpp">
      <Filter>Source Files</Filter>
    </ClCompile>
    <ClCompile Include="reactphysics3d\systems\BroadPhaseSystem.cpp">
      <Filter>Source Files</Filter>
    </ClCompile>
    <ClCompile Include="reactphysics3d\collision\shapes\CapsuleShape.cpp">
      <Filter>Source Files</Filter>
    </ClCompile>
    <ClCompile Include="reactphysics3d\collision\narrowphase\CapsuleVsCapsuleAlgorithm.cpp">
      <Filter>Source Files</Filter>
    </ClCompile>
    <ClCompile Include="reactphysics3d\collision\narrowphase\CapsuleVsCapsuleNarrowPhaseInfoBatch.cpp">
      <Filter>Source Files</Filter>
    </ClCompile>
    <ClCompile Include="reactphysics3d\collision\narrowphase\CapsuleVsConvexPolyhedronAlgorithm.cpp">
      <Filter>Source Files</Filter>
    </ClCompile>
    <ClCompile Include="reactphysics3d\collision\Collider.cpp">
      <Filter>Source Files</Filter>
    </ClCompile>
    <ClCompile Include="reactphysics3d\components\ColliderComponents.cpp">
      <Filter>Source Files</Filter>
    </ClCompile>
    <ClCompile Include="reactphysics3d\body\CollisionBody.cpp">
      <Filter>Source Files</Filter>
    </ClCompile>
    <ClCompile Include="reactphysics3d\components\CollisionBodyComponents.cpp">
      <Filter>Source Files</Filter>
    </ClCompile>
    <ClCompile Include="reactphysics3d\collision\CollisionCallback.cpp">
      <Filter>Source Files</Filter>
    </ClCompile>
    <ClCompile Include="reactphysics3d\systems\CollisionDetectionSystem.cpp">
      <Filter>Source Files</Filter>
    </ClCompile>
    <ClCompile Include="reactphysics3d\collision\narrowphase\CollisionDispatch.cpp">
      <Filter>Source Files</Filter>
    </ClCompile>
    <ClCompile Include="reactphysics3d\collision\shapes\CollisionShape.cpp">
      <Filter>Source Files</Filter>
    </ClCompile>
    <ClCompile Include="reactphysics3d\components\Components.cpp">
      <Filter>Source Files</Filter>
    </ClCompile>
    <ClCompile Include="reactphysics3d\collision\shapes\ConcaveMeshShape.cpp">
      <Filter>Source Files</Filter>
    </ClCompile>
    <ClCompile Include="reactphysics3d\collision\shapes\ConcaveShape.cpp">
      <Filter>Source Files</Filter>
    </ClCompile>
    <ClCompile Include="reactphysics3d\systems\ConstraintSolverSystem.cpp">
      <Filter>Source Files</Filter>
    </ClCompile>
    <ClCompile Include="reactphysics3d\collision\ContactManifold.cpp">
      <Filter>Source Files</Filter>
    </ClCompile>
    <ClCompile Include="reactphysics3d\constraint\ContactPoint.cpp">
      <Filter>Source Files</Filter>
    </ClCompile>
    <ClCompile Include="reactphysics3d\systems\ContactSolverSystem.cpp">
      <Filter>Source Files</Filter>
    </ClCompile>
    <ClCompile Include="reactphysics3d\collision\shapes\ConvexMeshShape.cpp">
      <Filter>Source Files</Filter>
    </ClCompile>
    <ClCompile Include="reactphysics3d\collision\shapes\ConvexPolyhedronShape.cpp">
      <Filter>Source Files</Filter>
    </ClCompile>
    <ClCompile Include="reactphysics3d\collision\narrowphase\ConvexPolyhedronVsConvexPolyhedronAlgorithm.cpp">
      <Filter>Source Files</Filter>
    </ClCompile>
    <ClCompile Include="reactphysics3d\collision\shapes\ConvexShape.cpp">
      <Filter>Source Files</Filter>
    </ClCompile>
    <ClCompile Include="reactphysics3d\utils\DebugRenderer.cpp">
      <Filter>Source Files</Filter>
    </ClCompile>
    <ClCompile Include="reactphysics3d\utils\DefaultLogger.cpp">
      <Filter>Source Files</Filter>
    </ClCompile>
    <ClCompile Include="reactphysics3d\collision\broadphase\DynamicAABBTree.cpp">
      <Filter>Source Files</Filter>
    </ClCompile>
    <ClCompile Include="reactphysics3d\systems\DynamicsSystem.cpp">
      <Filter>Source Files</Filter>
    </ClCompile>
    <ClCompile Include="reactphysics3d\engine\Entity.cpp">
      <Filter>Source Files</Filter>
    </ClCompile>
    <ClCompile Include="reactphysics3d\engine\EntityManager.cpp">
      <Filter>Source Files</Filter>
    </ClCompile>
    <ClCompile Include="reactphysics3d\constraint\FixedJoint.cpp">
      <Filter>Source Files</Filter>
    </ClCompile>
    <ClCompile Include="reactphysics3d\components\FixedJointComponents.cpp">
      <Filter>Source Files</Filter>
    </ClCompile>
    <ClCompile Include="reactphysics3d\collision\narrowphase\GJK\GJKAlgorithm.cpp">
      <Filter>Source Files</Filter>
    </ClCompile>
    <ClCompile Include="reactphysics3d\collision\HalfEdgeStructure.cpp">
      <Filter>Source Files</Filter>
    </ClCompile>
    <ClCompile Include="reactphysics3d\memory\HeapAllocator.cpp">
      <Filter>Source Files</Filter>
    </ClCompile>
    <ClCompile Include="reactphysics3d\collision\shapes\HeightFieldShape.cpp">
      <Filter>Source Files</Filter>
    </ClCompile>
    <ClCompile Include="reactphysics3d\constraint\HingeJoint.cpp">
      <Filter>Source Files</Filter>
    </ClCompile>
    <ClCompile Include="reactphysics3d\components\HingeJointComponents.cpp">
      <Filter>Source Files</Filter>
    </ClCompile>
    <ClCompile Include="reactphysics3d\engine\Island.cpp">
      <Filter>Source Files</Filter>
    </ClCompile>
    <ClCompile Include="reactphysics3d\constraint\Joint.cpp">
      <Filter>Source Files</Filter>
    </ClCompile>
    <ClCompile Include="reactphysics3d\components\JointComponents.cpp">
      <Filter>Source Files</Filter>
    </ClCompile>
    <ClCompile Include="reactphysics3d\engine\Material.cpp">
      <Filter>Source Files</Filter>
    </ClCompile>
    <ClCompile Include="reactphysics3d\mathematics\mathematics_functions.cpp">
      <Filter>Source Files</Filter>
    </ClCompile>
    <ClCompile Include="reactphysics3d\mathematics\Matrix2x2.cpp">
      <Filter>Source Files</Filter>
    </ClCompile>
    <ClCompile Include="reactphysics3d\mathematics\Matrix3x3.cpp">
      <Filter>Source Files</Filter>
    </ClCompile>
    <ClCompile Include="reactphysics3d\memory\MemoryManager.cpp">
      <Filter>Source Files</Filter>
    </ClCompile>
    <ClCompile Include="reactphysics3d\collision\narrowphase\NarrowPhaseInfoBatch.cpp">
      <Filter>Source Files</Filter>
    </ClCompile>
    <ClCompile Include="reactphysics3d\collision\narrowphase\NarrowPhaseInput.cpp">
      <Filter>Source Files</Filter>
    </ClCompile>
    <ClCompile Include="reactphysics3d\collision\OverlapCallback.cpp">
      <Filter>Source Files</Filter>
    </ClCompile>
    <ClCompile Include="reactphysics3d\engine\OverlappingPairs.cpp">
      <Filter>Source Files</Filter>
    </ClCompile>
    <ClCompile Include="reactphysics3d\engine\PhysicsCommon.cpp">
      <Filter>Source Files</Filter>
    </ClCompile>
    <ClCompile Include="reactphysics3d\engine\PhysicsWorld.cpp">
      <Filter>Source Files</Filter>
    </ClCompile>
    <ClCompile Include="reactphysics3d\collision\PolygonVertexArray.cpp">
      <Filter>Source Files</Filter>
    </ClCompile>
    <ClCompile Include="reactphysics3d\collision\PolyhedronMesh.cpp">
      <Filter>Source Files</Filter>
    </ClCompile>
    <ClCompile Include="reactphysics3d\memory\PoolAllocator.cpp">
      <Filter>Source Files</Filter>
    </ClCompile>
    <ClCompile Include="reactphysics3d\utils\Profiler.cpp">
      <Filter>Source Files</Filter>
    </ClCompile>
    <ClCompile Include="reactphysics3d\mathematics\Quaternion.cpp">
      <Filter>Source Files</Filter>
    </ClCompile>
    <ClCompile Include="reactphysics3d\collision\RaycastInfo.cpp">
      <Filter>Source Files</Filter>
    </ClCompile>
    <ClCompile Include="reactphysics3d\body\RigidBody.cpp">
      <Filter>Source Files</Filter>
    </ClCompile>
    <ClCompile Include="reactphysics3d\components\RigidBodyComponents.cpp">
      <Filter>Source Files</Filter>
    </ClCompile>
    <ClCompile Include="reactphysics3d\collision\narrowphase\SAT\SATAlgorithm.cpp">
      <Filter>Source Files</Filter>
    </ClCompile>
    <ClCompile Include="reactphysics3d\memory\SingleFrameAllocator.cpp">
      <Filter>Source Files</Filter>
    </ClCompile>
    <ClCompile Include="reactphysics3d\constraint\SliderJoint.cpp">
      <Filter>Source Files</Filter>
    </ClCompile>
    <ClCompile Include="reactphysics3d\components\SliderJointComponents.cpp">
      <Filter>Source Files</Filter>
    </ClCompile>
    <ClCompile Include="reactphysics3d\systems\SolveBallAndSocketJointSystem.cpp">
      <Filter>Source Files</Filter>
    </ClCompile>
    <ClCompile Include="reactphysics3d\systems\SolveFixedJointSystem.cpp">
      <Filter>Source Files</Filter>
    </ClCompile>
    <ClCompile Include="reactphysics3d\systems\SolveHingeJointSystem.cpp">
      <Filter>Source Files</Filter>
    </ClCompile>
    <ClCompile Include="reactphysics3d\systems\SolveSliderJointSystem.cpp">
      <Filter>Source Files</Filter>
    </ClCompile>
    <ClCompile Include="reactphysics3d\collision\shapes\SphereShape.cpp">
      <Filter>Source Files</Filter>
    </ClCompile>
    <ClCompile Include="reactphysics3d\collision\narrowphase\SphereVsCapsuleAlgorithm.cpp">
      <Filter>Source Files</Filter>
    </ClCompile>
    <ClCompile Include="reactphysics3d\collision\narrowphase\SphereVsCapsuleNarrowPhaseInfoBatch.cpp">
      <Filter>Source Files</Filter>
    </ClCompile>
    <ClCompile Include="reactphysics3d\collision\narrowphase\SphereVsConvexPolyhedronAlgorithm.cpp">
      <Filter>Source Files</Filter>
    </ClCompile>
    <ClCompile Include="reactphysics3d\collision\narrowphase\SphereVsSphereAlgorithm.cpp">
      <Filter>Source Files</Filter>
    </ClCompile>
  </ItemGroup>
  <ItemGroup>
    <Natvis Include="Engine.natvis" />
  </ItemGroup>
</Project>