<?xml version="1.0" encoding="utf-8"?>
<Project ToolsVersion="4.0" xmlns="http://schemas.microsoft.com/developer/msbuild/2003">
  <ItemGroup>
    <Filter Include="Source Files">
      <UniqueIdentifier>{4FC737F1-C7A5-4376-A066-2A32D752A2FF}</UniqueIdentifier>
      <Extensions>cpp;c;cc;cxx;c++;cppm;ixx;def;odl;idl;hpj;bat;asm;asmx</Extensions>
    </Filter>
    <Filter Include="Header Files">
      <UniqueIdentifier>{93995380-89BD-4b04-88EB-625FBE52EBFB}</UniqueIdentifier>
      <Extensions>h;hh;hpp;hxx;h++;hm;inl;inc;ipp;xsd</Extensions>
    </Filter>
    <Filter Include="Resource Files">
      <UniqueIdentifier>{67DA6AB6-F800-4c08-8B7A-83BB121AAD01}</UniqueIdentifier>
      <Extensions>rc;ico;cur;bmp;dlg;rc2;rct;bin;rgs;gif;jpg;jpeg;jpe;resx;tiff;tif;png;wav;mfcribbon-ms</Extensions>
    </Filter>
  </ItemGroup>
  <ItemGroup>
    <ClInclude Include="framework.h">
      <Filter>Header Files</Filter>
    </ClInclude>
    <ClInclude Include="pch.h">
      <Filter>Header Files</Filter>
    </ClInclude>
    <ClInclude Include="HexaGame.h">
      <Filter>Header Files</Filter>
    </ClInclude>
    <ClInclude Include="CharacterInfo.h">
      <Filter>Header Files</Filter>
    </ClInclude>
    <ClInclude Include="CharacterInventory.h">
      <Filter>Header Files</Filter>
    </ClInclude>
    <ClInclude Include="Characters.h">
      <Filter>Header Files</Filter>
    </ClInclude>
    <ClInclude Include="ChunkIndex.h">
      <Filter>Header Files</Filter>
    </ClInclude>
    <ClInclude Include="ChunkMeshEntity.h">
      <Filter>Header Files</Filter>
    </ClInclude>
    <ClInclude Include="ComplexTileCustomData.h">
      <Filter>Header Files</Filter>
    </ClInclude>
    <ClInclude Include="ComplexTileCustomData\TreeStemCustomData.h">
      <Filter>Header Files</Filter>
    </ClInclude>
    <ClInclude Include="Database\Items.h">
      <Filter>Header Files</Filter>
    </ClInclude>
    <ClInclude Include="Database\items\ItemInfo.h">
      <Filter>Header Files</Filter>
    </ClInclude>
    <ClInclude Include="Database\items\ItemTileInfo.h">
      <Filter>Header Files</Filter>
    </ClInclude>
    <ClInclude Include="Database\items\ItemToolInfo.h">
      <Filter>Header Files</Filter>
    </ClInclude>
    <ClInclude Include="Database\Tiles.h">
      <Filter>Header Files</Filter>
    </ClInclude>
    <ClInclude Include="Database\tiles\GrassInfo.h">
      <Filter>Header Files</Filter>
    </ClInclude>
    <ClInclude Include="Database\tiles\TallGrassInfo.h">
      <Filter>Header Files</Filter>
    </ClInclude>
    <ClInclude Include="Database\tiles\TreeStemInfo.h">
      <Filter>Header Files</Filter>
    </ClInclude>
    <ClInclude Include="DefaultWorldGeneratorInfo.h">
      <Filter>Header Files</Filter>
    </ClInclude>
    <ClInclude Include="Direction.h">
      <Filter>Header Files</Filter>
    </ClInclude>
    <ClInclude Include="EditableChunk.h">
      <Filter>Header Files</Filter>
    </ClInclude>
    <ClInclude Include="Entities\Character.h">
      <Filter>Header Files</Filter>
    </ClInclude>
    <ClInclude Include="Entities\Characters\Slime.h">
      <Filter>Header Files</Filter>
    </ClInclude>
    <ClInclude Include="Entities\ComplexTile.h">
      <Filter>Header Files</Filter>
    </ClInclude>
    <ClInclude Include="Entities\GamePlayer.h">
      <Filter>Header Files</Filter>
    </ClInclude>
    <ClInclude Include="Entities\ItemDrop.h">
      <Filter>Header Files</Filter>
    </ClInclude>
    <ClInclude Include="Entities\SingleTile.h">
      <Filter>Header Files</Filter>
    </ClInclude>
    <ClInclude Include="Entities\Skybox.h">
      <Filter>Header Files</Filter>
    </ClInclude>
    <ClInclude Include="Entities\TileDemoDomainEntity.h">
      <Filter>Header Files</Filter>
    </ClInclude>
    <ClInclude Include="HexaEventBus.h">
      <Filter>Header Files</Filter>
    </ClInclude>
    <ClInclude Include="HexaSettings.h">
      <Filter>Header Files</Filter>
    </ClInclude>
    <ClInclude Include="HexaSaveGame.h">
      <Filter>Header Files</Filter>
    </ClInclude>
    <ClInclude Include="CharacterController.h">
      <Filter>Header Files</Filter>
    </ClInclude>
    <ClInclude Include="Inventory.h">
      <Filter>Header Files</Filter>
    </ClInclude>
    <ClInclude Include="ItemContainer.h">
      <Filter>Header Files</Filter>
    </ClInclude>
    <ClInclude Include="ItemType.h">
      <Filter>Header Files</Filter>
    </ClInclude>
    <ClInclude Include="MetaTags.h">
      <Filter>Header Files</Filter>
    </ClInclude>
    <ClInclude Include="Nav.h">
      <Filter>Header Files</Filter>
    </ClInclude>
    <ClInclude Include="ui\Toolbar.h">
      <Filter>Header Files</Filter>
    </ClInclude>
    <ClInclude Include="WorldPath.h">
      <Filter>Header Files</Filter>
    </ClInclude>
    <ClInclude Include="PathConfig.h">
      <Filter>Header Files</Filter>
    </ClInclude>
    <ClInclude Include="Paths.h">
      <Filter>Header Files</Filter>
    </ClInclude>
    <ClInclude Include="WorldChunkDataState.h">
      <Filter>Header Files</Filter>
    </ClInclude>
    <ClInclude Include="WorldChunkMesh.h">
      <Filter>Header Files</Filter>
    </ClInclude>
    <ClInclude Include="CollisionEditor\CollisionEditorWorld.h">
      <Filter>Header Files</Filter>
    </ClInclude>
    <ClInclude Include="DefaultWorldGenerator.h">
      <Filter>Header Files</Filter>
    </ClInclude>
    <ClInclude Include="Entities\Arrow.h">
      <Filter>Header Files</Filter>
    </ClInclude>
    <ClInclude Include="Entities\AxisArrows.h">
      <Filter>Header Files</Filter>
    </ClInclude>
    <ClInclude Include="Entities\DebugPlayer.h">
      <Filter>Header Files</Filter>
    </ClInclude>
    <ClInclude Include="Entities\DemoMeshEntity.h">
      <Filter>Header Files</Filter>
    </ClInclude>
    <ClInclude Include="Entities\MeshEntity.h">
      <Filter>Header Files</Filter>
    </ClInclude>
    <ClInclude Include="Entities\TileDemoEntity.h">
      <Filter>Header Files</Filter>
    </ClInclude>
    <ClInclude Include="HexaMath.h">
      <Filter>Header Files</Filter>
    </ClInclude>
    <ClInclude Include="TileIndex.h">
      <Filter>Header Files</Filter>
    </ClInclude>
    <ClInclude Include="TileInfo.h">
      <Filter>Header Files</Filter>
    </ClInclude>
    <ClInclude Include="TileSide.h">
      <Filter>Header Files</Filter>
    </ClInclude>
    <ClInclude Include="ui\DialoguePanel.h">
      <Filter>Header Files</Filter>
    </ClInclude>
    <ClInclude Include="ui\MainMenu.h">
      <Filter>Header Files</Filter>
    </ClInclude>
    <ClInclude Include="ui\TileDatabaseRow.h">
      <Filter>Header Files</Filter>
    </ClInclude>
    <ClInclude Include="ui\TileDatabaseViewer.h">
      <Filter>Header Files</Filter>
    </ClInclude>
    <ClInclude Include="WorldChunk.h">
      <Filter>Header Files</Filter>
    </ClInclude>
    <ClInclude Include="WorldChunkObserver.h">
      <Filter>Header Files</Filter>
    </ClInclude>
    <ClInclude Include="WorldGenerator.h">
      <Filter>Header Files</Filter>
    </ClInclude>
    <ClInclude Include="WorldGeneratorInfo.h">
      <Filter>Header Files</Filter>
    </ClInclude>
    <ClInclude Include="Worlds\GameWorld.h">
      <Filter>Header Files</Filter>
    </ClInclude>
    <ClInclude Include="Worlds\HexaWorld.h">
      <Filter>Header Files</Filter>
    </ClInclude>
    <ClInclude Include="Worlds\TilePresentationWorld.h">
      <Filter>Header Files</Filter>
    </ClInclude>
    <ClInclude Include="TileType.h">
      <Filter>Header Files</Filter>
    </ClInclude>
  </ItemGroup>
  <ItemGroup>
    <ClCompile Include="dllmain.cpp">
      <Filter>Source Files</Filter>
    </ClCompile>
    <ClCompile Include="pch.cpp">
      <Filter>Source Files</Filter>
    </ClCompile>
    <ClCompile Include="HexaGame.cpp">
      <Filter>Source Files</Filter>
    </ClCompile>
    <ClCompile Include="CharacterController.cpp">
      <Filter>Source Files</Filter>
    </ClCompile>
    <ClCompile Include="CharacterInventory.cpp">
      <Filter>Source Files</Filter>
    </ClCompile>
    <ClCompile Include="Characters.cpp">
      <Filter>Source Files</Filter>
    </ClCompile>
    <ClCompile Include="ChunkIndex.cpp">
      <Filter>Source Files</Filter>
    </ClCompile>
    <ClCompile Include="ChunkMeshEntity.cpp">
      <Filter>Source Files</Filter>
    </ClCompile>
    <ClCompile Include="ComplexTileCustomData\TreeStemCustomData.cpp">
      <Filter>Source Files</Filter>
    </ClCompile>
    <ClCompile Include="Database\items\ItemTileInfo.cpp">
      <Filter>Source Files</Filter>
    </ClCompile>
    <ClCompile Include="Database\items\ItemToolInfo.cpp">
      <Filter>Source Files</Filter>
    </ClCompile>
    <ClCompile Include="Database\tiles\GrassInfo.cpp">
      <Filter>Source Files</Filter>
    </ClCompile>
    <ClCompile Include="Database\tiles\TallGrassInfo.cpp">
      <Filter>Source Files</Filter>
    </ClCompile>
    <ClCompile Include="Database\tiles\TreeStemInfo.cpp">
      <Filter>Source Files</Filter>
    </ClCompile>
    <ClCompile Include="DefaultWorldGeneratorInfo.cpp">
      <Filter>Source Files</Filter>
    </ClCompile>
    <ClCompile Include="EditableChunk.cpp">
      <Filter>Source Files</Filter>
    </ClCompile>
    <ClCompile Include="Entities\Character.cpp">
      <Filter>Source Files</Filter>
    </ClCompile>
    <ClCompile Include="Entities\Characters\Slime.cpp">
      <Filter>Source Files</Filter>
    </ClCompile>
    <ClCompile Include="Entities\ComplexTile.cpp">
      <Filter>Source Files</Filter>
    </ClCompile>
    <ClCompile Include="Entities\GamePlayer.cpp">
      <Filter>Source Files</Filter>
    </ClCompile>
    <ClCompile Include="Entities\ItemDrop.cpp">
      <Filter>Source Files</Filter>
    </ClCompile>
    <ClCompile Include="Entities\SingleTile.cpp">
      <Filter>Source Files</Filter>
    </ClCompile>
    <ClCompile Include="Entities\Skybox.cpp">
      <Filter>Source Files</Filter>
    </ClCompile>
    <ClCompile Include="Entities\TileDemoDomainEntity.cpp">
      <Filter>Source Files</Filter>
    </ClCompile>
    <ClCompile Include="HexaSaveGame.cpp">
      <Filter>Source Files</Filter>
    </ClCompile>
    <ClCompile Include="HexaSettings.cpp">
      <Filter>Source Files</Filter>
    </ClCompile>
    <ClCompile Include="Inventory.cpp">
      <Filter>Source Files</Filter>
    </ClCompile>
    <ClCompile Include="Nav.cpp">
      <Filter>Source Files</Filter>
    </ClCompile>
    <ClCompile Include="TileInfo.cpp">
      <Filter>Source Files</Filter>
    </ClCompile>
    <ClCompile Include="ui\Toolbar.cpp">
      <Filter>Source Files</Filter>
    </ClCompile>
    <ClCompile Include="WorldPath.cpp">
      <Filter>Source Files</Filter>
    </ClCompile>
    <ClCompile Include="PathConfig.cpp">
      <Filter>Source Files</Filter>
    </ClCompile>
    <ClCompile Include="WorldChunkMesh.cpp">
      <Filter>Source Files</Filter>
    </ClCompile>
    <ClCompile Include="CollisionEditor\CollisionEditorWorld.cpp">
      <Filter>Source Files</Filter>
    </ClCompile>
    <ClCompile Include="DefaultWorldGenerator.cpp">
      <Filter>Source Files</Filter>
    </ClCompile>
    <ClCompile Include="Entities\Arrow.cpp">
      <Filter>Source Files</Filter>
    </ClCompile>
    <ClCompile Include="Entities\AxisArrows.cpp">
      <Filter>Source Files</Filter>
    </ClCompile>
    <ClCompile Include="Entities\DebugPlayer.cpp">
      <Filter>Source Files</Filter>
    </ClCompile>
    <ClCompile Include="Entities\DemoMeshEntity.cpp">
      <Filter>Source Files</Filter>
    </ClCompile>
    <ClCompile Include="Entities\MeshEntity.cpp">
      <Filter>Source Files</Filter>
    </ClCompile>
    <ClCompile Include="Entities\TileDemoEntity.cpp">
      <Filter>Source Files</Filter>
    </ClCompile>
    <ClCompile Include="HexaMath.cpp">
      <Filter>Source Files</Filter>
    </ClCompile>
    <ClCompile Include="TileIndex.cpp">
      <Filter>Source Files</Filter>
    </ClCompile>
    <ClCompile Include="ui\DialoguePanel.cpp">
      <Filter>Source Files</Filter>
    </ClCompile>
    <ClCompile Include="ui\MainMenu.cpp">
      <Filter>Source Files</Filter>
    </ClCompile>
    <ClCompile Include="ui\TileDatabaseRow.cpp">
      <Filter>Source Files</Filter>
    </ClCompile>
    <ClCompile Include="ui\TileDatabaseViewer.cpp">
      <Filter>Source Files</Filter>
    </ClCompile>
    <ClCompile Include="WorldChunk.cpp">
      <Filter>Source Files</Filter>
    </ClCompile>
    <ClCompile Include="WorldChunkObserver.cpp">
      <Filter>Source Files</Filter>
    </ClCompile>
    <ClCompile Include="WorldGenerator.cpp">
      <Filter>Source Files</Filter>
    </ClCompile>
    <ClCompile Include="Worlds\GameWorld.cpp">
      <Filter>Source Files</Filter>
    </ClCompile>
    <ClCompile Include="Worlds\HexaWorld.cpp">
      <Filter>Source Files</Filter>
    </ClCompile>
    <ClCompile Include="Worlds\TilePresentationWorld.cpp">
      <Filter>Source Files</Filter>
    </ClCompile>
  </ItemGroup>
  <ItemGroup>
    <Natvis Include="HexaGame.natvis" />
  </ItemGroup>
</Project>